// !$*UTF8*$!
{
	archiveVersion = 1;
	classes = {
	};
	objectVersion = 46;
	objects = {

/* Begin PBXBuildFile section */
		F83A66561EB18E4E005A8AD4 /* AppDelegate.swift in Sources */ = {isa = PBXBuildFile; fileRef = F83A66551EB18E4E005A8AD4 /* AppDelegate.swift */; };
		F83A66581EB18E4E005A8AD4 /* CardsViewController.swift in Sources */ = {isa = PBXBuildFile; fileRef = F83A66571EB18E4E005A8AD4 /* CardsViewController.swift */; };
		F83A665B1EB18E4E005A8AD4 /* Main.storyboard in Resources */ = {isa = PBXBuildFile; fileRef = F83A66591EB18E4E005A8AD4 /* Main.storyboard */; };
		F83A665D1EB18E4E005A8AD4 /* Assets.xcassets in Resources */ = {isa = PBXBuildFile; fileRef = F83A665C1EB18E4E005A8AD4 /* Assets.xcassets */; };
		F83A66601EB18E4E005A8AD4 /* LaunchScreen.storyboard in Resources */ = {isa = PBXBuildFile; fileRef = F83A665E1EB18E4E005A8AD4 /* LaunchScreen.storyboard */; };
		F83A66681EB19133005A8AD4 /* DraggableImageView.xib in Resources */ = {isa = PBXBuildFile; fileRef = F83A66671EB19133005A8AD4 /* DraggableImageView.xib */; };
		F83A666A1EB19182005A8AD4 /* DraggableImageView.swift in Sources */ = {isa = PBXBuildFile; fileRef = F83A66691EB19182005A8AD4 /* DraggableImageView.swift */; };
		F83A666C1EB1A362005A8AD4 /* ProfileViewController.swift in Sources */ = {isa = PBXBuildFile; fileRef = F83A666B1EB1A362005A8AD4 /* ProfileViewController.swift */; };
/* End PBXBuildFile section */

/* Begin PBXFileReference section */
		F83A66521EB18E4E005A8AD4 /* codepath_Tinder.app */ = {isa = PBXFileReference; explicitFileType = wrapper.application; includeInIndex = 0; path = codepath_Tinder.app; sourceTree = BUILT_PRODUCTS_DIR; };
		F83A66551EB18E4E005A8AD4 /* AppDelegate.swift */ = {isa = PBXFileReference; lastKnownFileType = sourcecode.swift; path = AppDelegate.swift; sourceTree = "<group>"; };
		F83A66571EB18E4E005A8AD4 /* CardsViewController.swift */ = {isa = PBXFileReference; lastKnownFileType = sourcecode.swift; path = CardsViewController.swift; sourceTree = "<group>"; };
		F83A665A1EB18E4E005A8AD4 /* Base */ = {isa = PBXFileReference; lastKnownFileType = file.storyboard; name = Base; path = Base.lproj/Main.storyboard; sourceTree = "<group>"; };
		F83A665C1EB18E4E005A8AD4 /* Assets.xcassets */ = {isa = PBXFileReference; lastKnownFileType = folder.assetcatalog; path = Assets.xcassets; sourceTree = "<group>"; };
		F83A665F1EB18E4E005A8AD4 /* Base */ = {isa = PBXFileReference; lastKnownFileType = file.storyboard; name = Base; path = Base.lproj/LaunchScreen.storyboard; sourceTree = "<group>"; };
		F83A66611EB18E4E005A8AD4 /* Info.plist */ = {isa = PBXFileReference; lastKnownFileType = text.plist.xml; path = Info.plist; sourceTree = "<group>"; };
		F83A66671EB19133005A8AD4 /* DraggableImageView.xib */ = {isa = PBXFileReference; fileEncoding = 4; lastKnownFileType = file.xib; path = DraggableImageView.xib; sourceTree = "<group>"; };
		F83A66691EB19182005A8AD4 /* DraggableImageView.swift */ = {isa = PBXFileReference; fileEncoding = 4; lastKnownFileType = sourcecode.swift; path = DraggableImageView.swift; sourceTree = "<group>"; };
		F83A666B1EB1A362005A8AD4 /* ProfileViewController.swift */ = {isa = PBXFileReference; fileEncoding = 4; lastKnownFileType = sourcecode.swift; path = ProfileViewController.swift; sourceTree = "<group>"; };
/* End PBXFileReference section */

/* Begin PBXFrameworksBuildPhase section */
		F83A664F1EB18E4E005A8AD4 /* Frameworks */ = {
			isa = PBXFrameworksBuildPhase;
			buildActionMask = 2147483647;
			files = (
			);
			runOnlyForDeploymentPostprocessing = 0;
		};
/* End PBXFrameworksBuildPhase section */

/* Begin PBXGroup section */
		F83A66491EB18E4D005A8AD4 = {
			isa = PBXGroup;
			children = (
				F83A66541EB18E4E005A8AD4 /* codepath_Tinder */,
				F83A66531EB18E4E005A8AD4 /* Products */,
			);
			sourceTree = "<group>";
		};
		F83A66531EB18E4E005A8AD4 /* Products */ = {
			isa = PBXGroup;
			children = (
				F83A66521EB18E4E005A8AD4 /* codepath_Tinder.app */,
			);
			name = Products;
			sourceTree = "<group>";
		};
		F83A66541EB18E4E005A8AD4 /* codepath_Tinder */ = {
			isa = PBXGroup;
			children = (
				F83A66551EB18E4E005A8AD4 /* AppDelegate.swift */,
				F83A66571EB18E4E005A8AD4 /* CardsViewController.swift */,
				F83A66591EB18E4E005A8AD4 /* Main.storyboard */,
				F83A665C1EB18E4E005A8AD4 /* Assets.xcassets */,
				F83A665E1EB18E4E005A8AD4 /* LaunchScreen.storyboard */,
				F83A66611EB18E4E005A8AD4 /* Info.plist */,
				F83A66671EB19133005A8AD4 /* DraggableImageView.xib */,
				F83A66691EB19182005A8AD4 /* DraggableImageView.swift */,
				F83A666B1EB1A362005A8AD4 /* ProfileViewController.swift */,
			);
			path = codepath_Tinder;
			sourceTree = "<group>";
		};
/* End PBXGroup section */

/* Begin PBXNativeTarget section */
		F83A66511EB18E4E005A8AD4 /* codepath_Tinder */ = {
			isa = PBXNativeTarget;
			buildConfigurationList = F83A66641EB18E4E005A8AD4 /* Build configuration list for PBXNativeTarget "codepath_Tinder" */;
			buildPhases = (
				F83A664E1EB18E4E005A8AD4 /* Sources */,
				F83A664F1EB18E4E005A8AD4 /* Frameworks */,
				F83A66501EB18E4E005A8AD4 /* Resources */,
			);
			buildRules = (
			);
			dependencies = (
			);
			name = codepath_Tinder;
			productName = codepath_Tinder;
			productReference = F83A66521EB18E4E005A8AD4 /* codepath_Tinder.app */;
			productType = "com.apple.product-type.application";
		};
/* End PBXNativeTarget section */

/* Begin PBXProject section */
		F83A664A1EB18E4D005A8AD4 /* Project object */ = {
			isa = PBXProject;
			attributes = {
				LastSwiftUpdateCheck = 0830;
				LastUpgradeCheck = 0830;
				ORGANIZATIONNAME = "Anisha Jain";
				TargetAttributes = {
					F83A66511EB18E4E005A8AD4 = {
						CreatedOnToolsVersion = 8.3.1;
						ProvisioningStyle = Automatic;
					};
				};
			};
			buildConfigurationList = F83A664D1EB18E4D005A8AD4 /* Build configuration list for PBXProject "codepath_Tinder" */;
			compatibilityVersion = "Xcode 3.2";
			developmentRegion = English;
			hasScannedForEncodings = 0;
			knownRegions = (
				en,
				Base,
			);
			mainGroup = F83A66491EB18E4D005A8AD4;
			productRefGroup = F83A66531EB18E4E005A8AD4 /* Products */;
			projectDirPath = "";
			projectRoot = "";
			targets = (
				F83A66511EB18E4E005A8AD4 /* codepath_Tinder */,
			);
		};
/* End PBXProject section */

/* Begin PBXResourcesBuildPhase section */
		F83A66501EB18E4E005A8AD4 /* Resources */ = {
			isa = PBXResourcesBuildPhase;
			buildActionMask = 2147483647;
			files = (
				F83A66601EB18E4E005A8AD4 /* LaunchScreen.storyboard in Resources */,
				F83A665D1EB18E4E005A8AD4 /* Assets.xcassets in Resources */,
				F83A66681EB19133005A8AD4 /* DraggableImageView.xib in Resources */,
				F83A665B1EB18E4E005A8AD4 /* Main.storyboard in Resources */,
			);
			runOnlyForDeploymentPostprocessing = 0;
		};
/* End PBXResourcesBuildPhase section */

/* Begin PBXSourcesBuildPhase section */
		F83A664E1EB18E4E005A8AD4 /* Sources */ = {
			isa = PBXSourcesBuildPhase;
			buildActionMask = 2147483647;
			files = (
				F83A66581EB18E4E005A8AD4 /* CardsViewController.swift in Sources */,
				F83A666A1EB19182005A8AD4 /* DraggableImageView.swift in Sources */,
				F83A666C1EB1A362005A8AD4 /* ProfileViewController.swift in Sources */,
				F83A66561EB18E4E005A8AD4 /* AppDelegate.swift in Sources */,
			);
			runOnlyForDeploymentPostprocessing = 0;
		};
/* End PBXSourcesBuildPhase section */

/* Begin PBXVariantGroup section */
		F83A66591EB18E4E005A8AD4 /* Main.storyboard */ = {
			isa = PBXVariantGroup;
			children = (
				F83A665A1EB18E4E005A8AD4 /* Base */,
			);
			name = Main.storyboard;
			sourceTree = "<group>";
		};
		F83A665E1EB18E4E005A8AD4 /* LaunchScreen.storyboard */ = {
			isa = PBXVariantGroup;
			children = (
				F83A665F1EB18E4E005A8AD4 /* Base */,
			);
			name = LaunchScreen.storyboard;
			sourceTree = "<group>";
		};
/* End PBXVariantGroup section */

/* Begin XCBuildConfiguration section */
		F83A66621EB18E4E005A8AD4 /* Debug */ = {
			isa = XCBuildConfiguration;
			buildSettings = {
				ALWAYS_SEARCH_USER_PATHS = NO;
				CLANG_ANALYZER_NONNULL = YES;
				CLANG_ANALYZER_NUMBER_OBJECT_CONVERSION = YES_AGGRESSIVE;
				CLANG_CXX_LANGUAGE_STANDARD = "gnu++0x";
				CLANG_CXX_LIBRARY = "libc++";
				CLANG_ENABLE_MODULES = YES;
				CLANG_ENABLE_OBJC_ARC = YES;
				CLANG_WARN_BOOL_CONVERSION = YES;
				CLANG_WARN_CONSTANT_CONVERSION = YES;
				CLANG_WARN_DIRECT_OBJC_ISA_USAGE = YES_ERROR;
				CLANG_WARN_DOCUMENTATION_COMMENTS = YES;
				CLANG_WARN_EMPTY_BODY = YES;
				CLANG_WARN_ENUM_CONVERSION = YES;
				CLANG_WARN_INFINITE_RECURSION = YES;
				CLANG_WARN_INT_CONVERSION = YES;
				CLANG_WARN_OBJC_ROOT_CLASS = YES_ERROR;
				CLANG_WARN_SUSPICIOUS_MOVE = YES;
				CLANG_WARN_UNREACHABLE_CODE = YES;
				CLANG_WARN__DUPLICATE_METHOD_MATCH = YES;
				"CODE_SIGN_IDENTITY[sdk=iphoneos*]" = "iPhone Developer";
				COPY_PHASE_STRIP = NO;
				DEBUG_INFORMATION_FORMAT = dwarf;
				ENABLE_STRICT_OBJC_MSGSEND = YES;
				ENABLE_TESTABILITY = YES;
				GCC_C_LANGUAGE_STANDARD = gnu99;
				GCC_DYNAMIC_NO_PIC = NO;
				GCC_NO_COMMON_BLOCKS = YES;
				GCC_OPTIMIZATION_LEVEL = 0;
				GCC_PREPROCESSOR_DEFINITIONS = (
					"DEBUG=1",
					"$(inherited)",
				);
				GCC_WARN_64_TO_32_BIT_CONVERSION = YES;
				GCC_WARN_ABOUT_RETURN_TYPE = YES_ERROR;
				GCC_WARN_UNDECLARED_SELECTOR = YES;
				GCC_WARN_UNINITIALIZED_AUTOS = YES_AGGRESSIVE;
				GCC_WARN_UNUSED_FUNCTION = YES;
				GCC_WARN_UNUSED_VARIABLE = YES;
				IPHONEOS_DEPLOYMENT_TARGET = 10.3;
				MTL_ENABLE_DEBUG_INFO = YES;
				ONLY_ACTIVE_ARCH = YES;
				SDKROOT = iphoneos;
				SWIFT_ACTIVE_COMPILATION_CONDITIONS = DEBUG;
				SWIFT_OPTIMIZATION_LEVEL = "-Onone";
				TARGETED_DEVICE_FAMILY = "1,2";
			};
			name = Debug;
		};
		F83A66631EB18E4E005A8AD4 /* Release */ = {
			isa = XCBuildConfiguration;
			buildSettings = {
				ALWAYS_SEARCH_USER_PATHS = NO;
				CLANG_ANALYZER_NONNULL = YES;
				CLANG_ANALYZER_NUMBER_OBJECT_CONVERSION = YES_AGGRESSIVE;
				CLANG_CXX_LANGUAGE_STANDARD = "gnu++0x";
				CLANG_CXX_LIBRARY = "libc++";
				CLANG_ENABLE_MODULES = YES;
				CLANG_ENABLE_OBJC_ARC = YES;
				CLANG_WARN_BOOL_CONVERSION = YES;
				CLANG_WARN_CONSTANT_CONVERSION = YES;
				CLANG_WARN_DIRECT_OBJC_ISA_USAGE = YES_ERROR;
				CLANG_WARN_DOCUMENTATION_COMMENTS = YES;
				CLANG_WARN_EMPTY_BODY = YES;
				CLANG_WARN_ENUM_CONVERSION = YES;
				CLANG_WARN_INFINITE_RECURSION = YES;
				CLANG_WARN_INT_CONVERSION = YES;
				CLANG_WARN_OBJC_ROOT_CLASS = YES_ERROR;
				CLANG_WARN_SUSPICIOUS_MOVE = YES;
				CLANG_WARN_UNREACHABLE_CODE = YES;
				CLANG_WARN__DUPLICATE_METHOD_MATCH = YES;
				"CODE_SIGN_IDENTITY[sdk=iphoneos*]" = "iPhone Developer";
				COPY_PHASE_STRIP = NO;
				DEBUG_INFORMATION_FORMAT = "dwarf-with-dsym";
				ENABLE_NS_ASSERTIONS = NO;
				ENABLE_STRICT_OBJC_MSGSEND = YES;
				GCC_C_LANGUAGE_STANDARD = gnu99;
				GCC_NO_COMMON_BLOCKS = YES;
				GCC_WARN_64_TO_32_BIT_CONVERSION = YES;
				GCC_WARN_ABOUT_RETURN_TYPE = YES_ERROR;
				GCC_WARN_UNDECLARED_SELECTOR = YES;
				GCC_WARN_UNINITIALIZED_AUTOS = YES_AGGRESSIVE;
				GCC_WARN_UNUSED_FUNCTION = YES;
				GCC_WARN_UNUSED_VARIABLE = YES;
				IPHONEOS_DEPLOYMENT_TARGET = 10.3;
				MTL_ENABLE_DEBUG_INFO = NO;
				SDKROOT = iphoneos;
				SWIFT_OPTIMIZATION_LEVEL = "-Owholemodule";
				TARGETED_DEVICE_FAMILY = "1,2";
				VALIDATE_PRODUCT = YES;
			};
			name = Release;
		};
		F83A66651EB18E4E005A8AD4 /* Debug */ = {
			isa = XCBuildConfiguration;
			buildSettings = {
				ASSETCATALOG_COMPILER_APPICON_NAME = AppIcon;
				INFOPLIST_FILE = codepath_Tinder/Info.plist;
				LD_RUNPATH_SEARCH_PATHS = "$(inherited) @executable_path/Frameworks";
				PRODUCT_BUNDLE_IDENTIFIER = "com.anisha.codepath-Tinder";
				PRODUCT_NAME = "$(TARGET_NAME)";
				SWIFT_VERSION = 3.0;
			};
			name = Debug;
		};
		F83A66661EB18E4E005A8AD4 /* Release */ = {
			isa = XCBuildConfiguration;
			buildSettings = {
				ASSETCATALOG_COMPILER_APPICON_NAME = AppIcon;
				INFOPLIST_FILE = codepath_Tinder/Info.plist;
				LD_RUNPATH_SEARCH_PATHS = "$(inherited) @executable_path/Frameworks";
				PRODUCT_BUNDLE_IDENTIFIER = "com.anisha.codepath-Tinder";
				PRODUCT_NAME = "$(TARGET_NAME)";
				SWIFT_VERSION = 3.0;
			};
			name = Release;
		};
/* End XCBuildConfiguration section */

/* Begin XCConfigurationList section */
		F83A664D1EB18E4D005A8AD4 /* Build configuration list for PBXProject "codepath_Tinder" */ = {
			isa = XCConfigurationList;
			buildConfigurations = (
				F83A66621EB18E4E005A8AD4 /* Debug */,
				F83A66631EB18E4E005A8AD4 /* Release */,
			);
			defaultConfigurationIsVisible = 0;
			defaultConfigurationName = Release;
		};
		F83A66641EB18E4E005A8AD4 /* Build configuration list for PBXNativeTarget "codepath_Tinder" */ = {
			isa = XCConfigurationList;
			buildConfigurations = (
				F83A66651EB18E4E005A8AD4 /* Debug */,
				F83A66661EB18E4E005A8AD4 /* Release */,
			);
			defaultConfigurationIsVisible = 0;
			defaultConfigurationName = Release;
		};
/* End XCConfigurationList section */
	};
	rootObject = F83A664A1EB18E4D005A8AD4 /* Project object */;
}
